
Microsoft Visual Studio Solution File, Format Version 12.00
# Visual Studio 2013
VisualStudioVersion = 12.0.31101.0
MinimumVisualStudioVersion = 10.0.40219.1
Project("{FAE04EC0-301F-11D3-BF4B-00C04F79EFBC}") = "UsandoXamarinMaps", "UsandoXamarinMaps\UsandoXamarinMaps\UsandoXamarinMaps.csproj", "{B1B24AD2-D623-4BE0-BFAF-38532134C115}"
EndProject
Project("{FAE04EC0-301F-11D3-BF4B-00C04F79EFBC}") = "UsandoXamarinMaps.iOS", "UsandoXamarinMaps\UsandoXamarinMaps.iOS\UsandoXamarinMaps.iOS.csproj", "{28D61000-0AE5-4518-B6D4-B81B7531D560}"
EndProject
Project("{FAE04EC0-301F-11D3-BF4B-00C04F79EFBC}") = "UsandoXamarinMaps.Droid", "UsandoXamarinMaps\UsandoXamarinMaps.Droid\UsandoXamarinMaps.Droid.csproj", "{BD16DA50-80F1-4AA3-9E62-E145FC4DF5BB}"
EndProject
Project("{FAE04EC0-301F-11D3-BF4B-00C04F79EFBC}") = "UsandoXamarinMaps.WinPhone", "UsandoXamarinMaps\UsandoXamarinMaps.WinPhone\UsandoXamarinMaps.WinPhone.csproj", "{51FAA782-AF54-493B-B9BE-CDD0B876EDF9}"
EndProject
Global
	GlobalSection(SolutionConfigurationPlatforms) = preSolution
		Ad-Hoc|Any CPU = Ad-Hoc|Any CPU
		Ad-Hoc|ARM = Ad-Hoc|ARM
		Ad-Hoc|iPhone = Ad-Hoc|iPhone
		Ad-Hoc|iPhoneSimulator = Ad-Hoc|iPhoneSimulator
		Ad-Hoc|Mixed Platforms = Ad-Hoc|Mixed Platforms
		Ad-Hoc|x86 = Ad-Hoc|x86
		AppStore|Any CPU = AppStore|Any CPU
		AppStore|ARM = AppStore|ARM
		AppStore|iPhone = AppStore|iPhone
		AppStore|iPhoneSimulator = AppStore|iPhoneSimulator
		AppStore|Mixed Platforms = AppStore|Mixed Platforms
		AppStore|x86 = AppStore|x86
		Debug|Any CPU = Debug|Any CPU
		Debug|ARM = Debug|ARM
		Debug|iPhone = Debug|iPhone
		Debug|iPhoneSimulator = Debug|iPhoneSimulator
		Debug|Mixed Platforms = Debug|Mixed Platforms
		Debug|x86 = Debug|x86
		Release|Any CPU = Release|Any CPU
		Release|ARM = Release|ARM
		Release|iPhone = Release|iPhone
		Release|iPhoneSimulator = Release|iPhoneSimulator
		Release|Mixed Platforms = Release|Mixed Platforms
		Release|x86 = Release|x86
	EndGlobalSection
	GlobalSection(ProjectConfigurationPlatforms) = postSolution
		{B1B24AD2-D623-4BE0-BFAF-38532134C115}.Ad-Hoc|Any CPU.ActiveCfg = Release|Any CPU
		{B1B24AD2-D623-4BE0-BFAF-38532134C115}.Ad-Hoc|Any CPU.Build.0 = Release|Any CPU
		{B1B24AD2-D623-4BE0-BFAF-38532134C115}.Ad-Hoc|ARM.ActiveCfg = Release|Any CPU
		{B1B24AD2-D623-4BE0-BFAF-38532134C115}.Ad-Hoc|iPhone.ActiveCfg = Release|Any CPU
		{B1B24AD2-D623-4BE0-BFAF-38532134C115}.Ad-Hoc|iPhoneSimulator.ActiveCfg = Release|Any CPU
		{B1B24AD2-D623-4BE0-BFAF-38532134C115}.Ad-Hoc|Mixed Platforms.ActiveCfg = Release|Any CPU
		{B1B24AD2-D623-4BE0-BFAF-38532134C115}.Ad-Hoc|Mixed Platforms.Build.0 = Release|Any CPU
		{B1B24AD2-D623-4BE0-BFAF-38532134C115}.Ad-Hoc|x86.ActiveCfg = Release|Any CPU
		{B1B24AD2-D623-4BE0-BFAF-38532134C115}.AppStore|Any CPU.ActiveCfg = Release|Any CPU
		{B1B24AD2-D623-4BE0-BFAF-38532134C115}.AppStore|Any CPU.Build.0 = Release|Any CPU
		{B1B24AD2-D623-4BE0-BFAF-38532134C115}.AppStore|ARM.ActiveCfg = Release|Any CPU
		{B1B24AD2-D623-4BE0-BFAF-38532134C115}.AppStore|iPhone.ActiveCfg = Release|Any CPU
		{B1B24AD2-D623-4BE0-BFAF-38532134C115}.AppStore|iPhoneSimulator.ActiveCfg = Release|Any CPU
		{B1B24AD2-D623-4BE0-BFAF-38532134C115}.AppStore|Mixed Platforms.ActiveCfg = Release|Any CPU
		{B1B24AD2-D623-4BE0-BFAF-38532134C115}.AppStore|Mixed Platforms.Build.0 = Release|Any CPU
		{B1B24AD2-D623-4BE0-BFAF-38532134C115}.AppStore|x86.ActiveCfg = Release|Any CPU
		{B1B24AD2-D623-4BE0-BFAF-38532134C115}.Debug|Any CPU.ActiveCfg = Debug|Any CPU
		{B1B24AD2-D623-4BE0-BFAF-38532134C115}.Debug|Any CPU.Build.0 = Debug|Any CPU
		{B1B24AD2-D623-4BE0-BFAF-38532134C115}.Debug|ARM.ActiveCfg = Debug|Any CPU
		{B1B24AD2-D623-4BE0-BFAF-38532134C115}.Debug|iPhone.ActiveCfg = Debug|Any CPU
		{B1B24AD2-D623-4BE0-BFAF-38532134C115}.Debug|iPhoneSimulator.ActiveCfg = Debug|Any CPU
		{B1B24AD2-D623-4BE0-BFAF-38532134C115}.Debug|Mixed Platforms.ActiveCfg = Debug|Any CPU
		{B1B24AD2-D623-4BE0-BFAF-38532134C115}.Debug|Mixed Platforms.Build.0 = Debug|Any CPU
		{B1B24AD2-D623-4BE0-BFAF-38532134C115}.Debug|x86.ActiveCfg = Debug|Any CPU
		{B1B24AD2-D623-4BE0-BFAF-38532134C115}.Release|Any CPU.ActiveCfg = Release|Any CPU
		{B1B24AD2-D623-4BE0-BFAF-38532134C115}.Release|Any CPU.Build.0 = Release|Any CPU
		{B1B24AD2-D623-4BE0-BFAF-38532134C115}.Release|ARM.ActiveCfg = Release|Any CPU
		{B1B24AD2-D623-4BE0-BFAF-38532134C115}.Release|iPhone.ActiveCfg = Release|Any CPU
		{B1B24AD2-D623-4BE0-BFAF-38532134C115}.Release|iPhoneSimulator.ActiveCfg = Release|Any CPU
		{B1B24AD2-D623-4BE0-BFAF-38532134C115}.Release|Mixed Platforms.ActiveCfg = Release|Any CPU
		{B1B24AD2-D623-4BE0-BFAF-38532134C115}.Release|Mixed Platforms.Build.0 = Release|Any CPU
		{B1B24AD2-D623-4BE0-BFAF-38532134C115}.Release|x86.ActiveCfg = Release|Any CPU
		{28D61000-0AE5-4518-B6D4-B81B7531D560}.Ad-Hoc|Any CPU.ActiveCfg = Ad-Hoc|iPhone
		{28D61000-0AE5-4518-B6D4-B81B7531D560}.Ad-Hoc|ARM.ActiveCfg = Ad-Hoc|iPhone
		{28D61000-0AE5-4518-B6D4-B81B7531D560}.Ad-Hoc|iPhone.ActiveCfg = Ad-Hoc|iPhone
		{28D61000-0AE5-4518-B6D4-B81B7531D560}.Ad-Hoc|iPhone.Build.0 = Ad-Hoc|iPhone
		{28D61000-0AE5-4518-B6D4-B81B7531D560}.Ad-Hoc|iPhoneSimulator.ActiveCfg = Ad-Hoc|iPhoneSimulator
		{28D61000-0AE5-4518-B6D4-B81B7531D560}.Ad-Hoc|iPhoneSimulator.Build.0 = Ad-Hoc|iPhoneSimulator
		{28D61000-0AE5-4518-B6D4-B81B7531D560}.Ad-Hoc|Mixed Platforms.ActiveCfg = Ad-Hoc|iPhone
		{28D61000-0AE5-4518-B6D4-B81B7531D560}.Ad-Hoc|Mixed Platforms.Build.0 = Ad-Hoc|iPhone
		{28D61000-0AE5-4518-B6D4-B81B7531D560}.Ad-Hoc|x86.ActiveCfg = Ad-Hoc|iPhone
		{28D61000-0AE5-4518-B6D4-B81B7531D560}.AppStore|Any CPU.ActiveCfg = AppStore|iPhone
		{28D61000-0AE5-4518-B6D4-B81B7531D560}.AppStore|ARM.ActiveCfg = AppStore|iPhone
		{28D61000-0AE5-4518-B6D4-B81B7531D560}.AppStore|iPhone.ActiveCfg = AppStore|iPhone
		{28D61000-0AE5-4518-B6D4-B81B7531D560}.AppStore|iPhone.Build.0 = AppStore|iPhone
		{28D61000-0AE5-4518-B6D4-B81B7531D560}.AppStore|iPhoneSimulator.ActiveCfg = AppStore|iPhoneSimulator
		{28D61000-0AE5-4518-B6D4-B81B7531D560}.AppStore|iPhoneSimulator.Build.0 = AppStore|iPhoneSimulator
		{28D61000-0AE5-4518-B6D4-B81B7531D560}.AppStore|Mixed Platforms.ActiveCfg = AppStore|iPhone
		{28D61000-0AE5-4518-B6D4-B81B7531D560}.AppStore|Mixed Platforms.Build.0 = AppStore|iPhone
		{28D61000-0AE5-4518-B6D4-B81B7531D560}.AppStore|x86.ActiveCfg = AppStore|iPhone
		{28D61000-0AE5-4518-B6D4-B81B7531D560}.Debug|Any CPU.ActiveCfg = Debug|iPhone
		{28D61000-0AE5-4518-B6D4-B81B7531D560}.Debug|ARM.ActiveCfg = Debug|iPhone
		{28D61000-0AE5-4518-B6D4-B81B7531D560}.Debug|iPhone.ActiveCfg = Debug|iPhone
		{28D61000-0AE5-4518-B6D4-B81B7531D560}.Debug|iPhone.Build.0 = Debug|iPhone
		{28D61000-0AE5-4518-B6D4-B81B7531D560}.Debug|iPhoneSimulator.ActiveCfg = Debug|iPhoneSimulator
		{28D61000-0AE5-4518-B6D4-B81B7531D560}.Debug|iPhoneSimulator.Build.0 = Debug|iPhoneSimulator
		{28D61000-0AE5-4518-B6D4-B81B7531D560}.Debug|Mixed Platforms.ActiveCfg = Debug|iPhone
		{28D61000-0AE5-4518-B6D4-B81B7531D560}.Debug|Mixed Platforms.Build.0 = Debug|iPhone
		{28D61000-0AE5-4518-B6D4-B81B7531D560}.Debug|x86.ActiveCfg = Debug|iPhone
		{28D61000-0AE5-4518-B6D4-B81B7531D560}.Release|Any CPU.ActiveCfg = Release|iPhone
		{28D61000-0AE5-4518-B6D4-B81B7531D560}.Release|ARM.ActiveCfg = Release|iPhone
		{28D61000-0AE5-4518-B6D4-B81B7531D560}.Release|iPhone.ActiveCfg = Release|iPhone
		{28D61000-0AE5-4518-B6D4-B81B7531D560}.Release|iPhone.Build.0 = Release|iPhone
		{28D61000-0AE5-4518-B6D4-B81B7531D560}.Release|iPhoneSimulator.ActiveCfg = Release|iPhoneSimulator
		{28D61000-0AE5-4518-B6D4-B81B7531D560}.Release|iPhoneSimulator.Build.0 = Release|iPhoneSimulator
		{28D61000-0AE5-4518-B6D4-B81B7531D560}.Release|Mixed Platforms.ActiveCfg = Release|iPhone
		{28D61000-0AE5-4518-B6D4-B81B7531D560}.Release|Mixed Platforms.Build.0 = Release|iPhone
		{28D61000-0AE5-4518-B6D4-B81B7531D560}.Release|x86.ActiveCfg = Release|iPhone
		{BD16DA50-80F1-4AA3-9E62-E145FC4DF5BB}.Ad-Hoc|Any CPU.ActiveCfg = Release|Any CPU
		{BD16DA50-80F1-4AA3-9E62-E145FC4DF5BB}.Ad-Hoc|Any CPU.Build.0 = Release|Any CPU
		{BD16DA50-80F1-4AA3-9E62-E145FC4DF5BB}.Ad-Hoc|Any CPU.Deploy.0 = Release|Any CPU
		{BD16DA50-80F1-4AA3-9E62-E145FC4DF5BB}.Ad-Hoc|ARM.ActiveCfg = Release|Any CPU
		{BD16DA50-80F1-4AA3-9E62-E145FC4DF5BB}.Ad-Hoc|iPhone.ActiveCfg = Release|Any CPU
		{BD16DA50-80F1-4AA3-9E62-E145FC4DF5BB}.Ad-Hoc|iPhoneSimulator.ActiveCfg = Release|Any CPU
		{BD16DA50-80F1-4AA3-9E62-E145FC4DF5BB}.Ad-Hoc|Mixed Platforms.ActiveCfg = Release|Any CPU
		{BD16DA50-80F1-4AA3-9E62-E145FC4DF5BB}.Ad-Hoc|Mixed Platforms.Build.0 = Release|Any CPU
		{BD16DA50-80F1-4AA3-9E62-E145FC4DF5BB}.Ad-Hoc|Mixed Platforms.Deploy.0 = Release|Any CPU
		{BD16DA50-80F1-4AA3-9E62-E145FC4DF5BB}.Ad-Hoc|x86.ActiveCfg = Release|Any CPU
		{BD16DA50-80F1-4AA3-9E62-E145FC4DF5BB}.AppStore|Any CPU.ActiveCfg = Release|Any CPU
		{BD16DA50-80F1-4AA3-9E62-E145FC4DF5BB}.AppStore|Any CPU.Build.0 = Release|Any CPU
		{BD16DA50-80F1-4AA3-9E62-E145FC4DF5BB}.AppStore|Any CPU.Deploy.0 = Release|Any CPU
		{BD16DA50-80F1-4AA3-9E62-E145FC4DF5BB}.AppStore|ARM.ActiveCfg = Release|Any CPU
		{BD16DA50-80F1-4AA3-9E62-E145FC4DF5BB}.AppStore|iPhone.ActiveCfg = Release|Any CPU
		{BD16DA50-80F1-4AA3-9E62-E145FC4DF5BB}.AppStore|iPhoneSimulator.ActiveCfg = Release|Any CPU
		{BD16DA50-80F1-4AA3-9E62-E145FC4DF5BB}.AppStore|Mixed Platforms.ActiveCfg = Release|Any CPU
		{BD16DA50-80F1-4AA3-9E62-E145FC4DF5BB}.AppStore|Mixed Platforms.Build.0 = Release|Any CPU
		{BD16DA50-80F1-4AA3-9E62-E145FC4DF5BB}.AppStore|Mixed Platforms.Deploy.0 = Release|Any CPU
		{BD16DA50-80F1-4AA3-9E62-E145FC4DF5BB}.AppStore|x86.ActiveCfg = Release|Any CPU
		{BD16DA50-80F1-4AA3-9E62-E145FC4DF5BB}.Debug|Any CPU.ActiveCfg = Debug|Any CPU
		{BD16DA50-80F1-4AA3-9E62-E145FC4DF5BB}.Debug|Any CPU.Build.0 = Debug|Any CPU
		{BD16DA50-80F1-4AA3-9E62-E145FC4DF5BB}.Debug|Any CPU.Deploy.0 = Debug|Any CPU
		{BD16DA50-80F1-4AA3-9E62-E145FC4DF5BB}.Debug|ARM.ActiveCfg = Debug|Any CPU
		{BD16DA50-80F1-4AA3-9E62-E145FC4DF5BB}.Debug|iPhone.ActiveCfg = Debug|Any CPU
		{BD16DA50-80F1-4AA3-9E62-E145FC4DF5BB}.Debug|iPhoneSimulator.ActiveCfg = Debug|Any CPU
		{BD16DA50-80F1-4AA3-9E62-E145FC4DF5BB}.Debug|Mixed Platforms.ActiveCfg = Debug|Any CPU
		{BD16DA50-80F1-4AA3-9E62-E145FC4DF5BB}.Debug|Mixed Platforms.Build.0 = Debug|Any CPU
		{BD16DA50-80F1-4AA3-9E62-E145FC4DF5BB}.Debug|Mixed Platforms.Deploy.0 = Debug|Any CPU
		{BD16DA50-80F1-4AA3-9E62-E145FC4DF5BB}.Debug|x86.ActiveCfg = Debug|Any CPU
		{BD16DA50-80F1-4AA3-9E62-E145FC4DF5BB}.Release|Any CPU.ActiveCfg = Release|Any CPU
		{BD16DA50-80F1-4AA3-9E62-E145FC4DF5BB}.Release|Any CPU.Build.0 = Release|Any CPU
		{BD16DA50-80F1-4AA3-9E62-E145FC4DF5BB}.Release|Any CPU.Deploy.0 = Release|Any CPU
		{BD16DA50-80F1-4AA3-9E62-E145FC4DF5BB}.Release|ARM.ActiveCfg = Release|Any CPU
		{BD16DA50-80F1-4AA3-9E62-E145FC4DF5BB}.Release|iPhone.ActiveCfg = Release|Any CPU
		{BD16DA50-80F1-4AA3-9E62-E145FC4DF5BB}.Release|iPhoneSimulator.ActiveCfg = Release|Any CPU
		{BD16DA50-80F1-4AA3-9E62-E145FC4DF5BB}.Release|Mixed Platforms.ActiveCfg = Release|Any CPU
		{BD16DA50-80F1-4AA3-9E62-E145FC4DF5BB}.Release|Mixed Platforms.Build.0 = Release|Any CPU
		{BD16DA50-80F1-4AA3-9E62-E145FC4DF5BB}.Release|Mixed Platforms.Deploy.0 = Release|Any CPU
		{BD16DA50-80F1-4AA3-9E62-E145FC4DF5BB}.Release|x86.ActiveCfg = Release|Any CPU
		{51FAA782-AF54-493B-B9BE-CDD0B876EDF9}.Ad-Hoc|Any CPU.ActiveCfg = Release|Any CPU
		{51FAA782-AF54-493B-B9BE-CDD0B876EDF9}.Ad-Hoc|Any CPU.Build.0 = Release|Any CPU
		{51FAA782-AF54-493B-B9BE-CDD0B876EDF9}.Ad-Hoc|Any CPU.Deploy.0 = Release|Any CPU
		{51FAA782-AF54-493B-B9BE-CDD0B876EDF9}.Ad-Hoc|ARM.ActiveCfg = Release|ARM
		{51FAA782-AF54-493B-B9BE-CDD0B876EDF9}.Ad-Hoc|ARM.Build.0 = Release|ARM
		{51FAA782-AF54-493B-B9BE-CDD0B876EDF9}.Ad-Hoc|ARM.Deploy.0 = Release|ARM
		{51FAA782-AF54-493B-B9BE-CDD0B876EDF9}.Ad-Hoc|iPhone.ActiveCfg = Release|Any CPU
		{51FAA782-AF54-493B-B9BE-CDD0B876EDF9}.Ad-Hoc|iPhoneSimulator.ActiveCfg = Release|Any CPU
		{51FAA782-AF54-493B-B9BE-CDD0B876EDF9}.Ad-Hoc|Mixed Platforms.ActiveCfg = Release|x86
		{51FAA782-AF54-493B-B9BE-CDD0B876EDF9}.Ad-Hoc|Mixed Platforms.Build.0 = Release|x86
		{51FAA782-AF54-493B-B9BE-CDD0B876EDF9}.Ad-Hoc|Mixed Platforms.Deploy.0 = Release|x86
		{51FAA782-AF54-493B-B9BE-CDD0B876EDF9}.Ad-Hoc|x86.ActiveCfg = Release|x86
		{51FAA782-AF54-493B-B9BE-CDD0B876EDF9}.Ad-Hoc|x86.Build.0 = Release|x86
		{51FAA782-AF54-493B-B9BE-CDD0B876EDF9}.Ad-Hoc|x86.Deploy.0 = Release|x86
		{51FAA782-AF54-493B-B9BE-CDD0B876EDF9}.AppStore|Any CPU.ActiveCfg = Release|Any CPU
		{51FAA782-AF54-493B-B9BE-CDD0B876EDF9}.AppStore|Any CPU.Build.0 = Release|Any CPU
		{51FAA782-AF54-493B-B9BE-CDD0B876EDF9}.AppStore|Any CPU.Deploy.0 = Release|Any CPU
		{51FAA782-AF54-493B-B9BE-CDD0B876EDF9}.AppStore|ARM.ActiveCfg = Release|ARM
		{51FAA782-AF54-493B-B9BE-CDD0B876EDF9}.AppStore|ARM.Build.0 = Release|ARM
		{51FAA782-AF54-493B-B9BE-CDD0B876EDF9}.AppStore|ARM.Deploy.0 = Release|ARM
		{51FAA782-AF54-493B-B9BE-CDD0B876EDF9}.AppStore|iPhone.ActiveCfg = Release|Any CPU
		{51FAA782-AF54-493B-B9BE-CDD0B876EDF9}.AppStore|iPhoneSimulator.ActiveCfg = Release|Any CPU
		{51FAA782-AF54-493B-B9BE-CDD0B876EDF9}.AppStore|Mixed Platforms.ActiveCfg = Release|x86
		{51FAA782-AF54-493B-B9BE-CDD0B876EDF9}.AppStore|Mixed Platforms.Build.0 = Release|x86
		{51FAA782-AF54-493B-B9BE-CDD0B876EDF9}.AppStore|Mixed Platforms.Deploy.0 = Release|x86
		{51FAA782-AF54-493B-B9BE-CDD0B876EDF9}.AppStore|x86.ActiveCfg = Release|x86
		{51FAA782-AF54-493B-B9BE-CDD0B876EDF9}.AppStore|x86.Build.0 = Release|x86
		{51FAA782-AF54-493B-B9BE-CDD0B876EDF9}.AppStore|x86.Deploy.0 = Release|x86
		{51FAA782-AF54-493B-B9BE-CDD0B876EDF9}.Debug|Any CPU.ActiveCfg = Debug|Any CPU
		{51FAA782-AF54-493B-B9BE-CDD0B876EDF9}.Debug|Any CPU.Build.0 = Debug|Any CPU
		{51FAA782-AF54-493B-B9BE-CDD0B876EDF9}.Debug|Any CPU.Deploy.0 = Debug|Any CPU
		{51FAA782-AF54-493B-B9BE-CDD0B876EDF9}.Debug|ARM.ActiveCfg = Debug|ARM
		{51FAA782-AF54-493B-B9BE-CDD0B876EDF9}.Debug|ARM.Build.0 = Debug|ARM
		{51FAA782-AF54-493B-B9BE-CDD0B876EDF9}.Debug|ARM.Deploy.0 = Debug|ARM
		{51FAA782-AF54-493B-B9BE-CDD0B876EDF9}.Debug|iPhone.ActiveCfg = Debug|Any CPU
		{51FAA782-AF54-493B-B9BE-CDD0B876EDF9}.Debug|iPhoneSimulator.ActiveCfg = Debug|Any CPU
		{51FAA782-AF54-493B-B9BE-CDD0B876EDF9}.Debug|Mixed Platforms.ActiveCfg = Debug|x86
		{51FAA782-AF54-493B-B9BE-CDD0B876EDF9}.Debug|Mixed Platforms.Build.0 = Debug|x86
		{51FAA782-AF54-493B-B9BE-CDD0B876EDF9}.Debug|Mixed Platforms.Deploy.0 = Debug|x86
		{51FAA782-AF54-493B-B9BE-CDD0B876EDF9}.Debug|x86.ActiveCfg = Debug|x86
		{51FAA782-AF54-493B-B9BE-CDD0B876EDF9}.Debug|x86.Build.0 = Debug|x86
		{51FAA782-AF54-493B-B9BE-CDD0B876EDF9}.Debug|x86.Deploy.0 = Debug|x86
		{51FAA782-AF54-493B-B9BE-CDD0B876EDF9}.Release|Any CPU.ActiveCfg = Release|Any CPU
		{51FAA782-AF54-493B-B9BE-CDD0B876EDF9}.Release|Any CPU.Build.0 = Release|Any CPU
		{51FAA782-AF54-493B-B9BE-CDD0B876EDF9}.Release|Any CPU.Deploy.0 = Release|Any CPU
		{51FAA782-AF54-493B-B9BE-CDD0B876EDF9}.Release|ARM.ActiveCfg = Release|ARM
		{51FAA782-AF54-493B-B9BE-CDD0B876EDF9}.Release|ARM.Build.0 = Release|ARM
		{51FAA782-AF54-493B-B9BE-CDD0B876EDF9}.Release|ARM.Deploy.0 = Release|ARM
		{51FAA782-AF54-493B-B9BE-CDD0B876EDF9}.Release|iPhone.ActiveCfg = Release|Any CPU
		{51FAA782-AF54-493B-B9BE-CDD0B876EDF9}.Release|iPhoneSimulator.ActiveCfg = Release|Any CPU
		{51FAA782-AF54-493B-B9BE-CDD0B876EDF9}.Release|Mixed Platforms.ActiveCfg = Release|x86
		{51FAA782-AF54-493B-B9BE-CDD0B876EDF9}.Release|Mixed Platforms.Build.0 = Release|x86
		{51FAA782-AF54-493B-B9BE-CDD0B876EDF9}.Release|Mixed Platforms.Deploy.0 = Release|x86
		{51FAA782-AF54-493B-B9BE-CDD0B876EDF9}.Release|x86.ActiveCfg = Release|x86
		{51FAA782-AF54-493B-B9BE-CDD0B876EDF9}.Release|x86.Build.0 = Release|x86
		{51FAA782-AF54-493B-B9BE-CDD0B876EDF9}.Release|x86.Deploy.0 = Release|x86
	EndGlobalSection
	GlobalSection(SolutionProperties) = preSolution
		HideSolutionNode = FALSE
	EndGlobalSection
EndGlobal
